
Microsoft Visual Studio Solution File, Format Version 12.00
# Visual Studio Version 17
VisualStudioVersion = 17.1.32210.238
MinimumVisualStudioVersion = 10.0.40219.1
Project("{9A19103F-16F7-4668-BE54-9A1E7A4F7556}") = "CheckoutTest", "CheckoutTest\CheckoutTest.csproj", "{13D5CC13-13F6-4AC8-8AF5-AC79D5640234}"
EndProject
Project("{9A19103F-16F7-4668-BE54-9A1E7A4F7556}") = "checkout.com.api", "checkout.com.api\checkout.com.api.csproj", "{0F624D33-F326-4275-A361-1DBBC3FE6274}"
EndProject
Project("{9A19103F-16F7-4668-BE54-9A1E7A4F7556}") = "PaymentGateway", "CreditCardVerification\PaymentGateway.csproj", "{855BD547-5B3B-4E66-BA92-427D9DF5B26F}"
EndProject
Project("{9A19103F-16F7-4668-BE54-9A1E7A4F7556}") = "PaymentGatewayTests", "LuhnTest\PaymentGatewayTests.csproj", "{B03496DF-AD77-4923-8F20-198334787B89}"
EndProject
Project("{00D1A9C2-B5F0-4AF3-8072-F6C62B433612}") = "checkoutDatabase", "checkoutDatabase\checkoutDatabase.sqlproj", "{701206B9-FEB9-4F69-BF0C-14E5B835D103}"
EndProject
Global
	GlobalSection(SolutionConfigurationPlatforms) = preSolution
		Debug|Any CPU = Debug|Any CPU
		Release|Any CPU = Release|Any CPU
	EndGlobalSection
	GlobalSection(ProjectConfigurationPlatforms) = postSolution
		{13D5CC13-13F6-4AC8-8AF5-AC79D5640234}.Debug|Any CPU.ActiveCfg = Debug|Any CPU
		{13D5CC13-13F6-4AC8-8AF5-AC79D5640234}.Debug|Any CPU.Build.0 = Debug|Any CPU
		{13D5CC13-13F6-4AC8-8AF5-AC79D5640234}.Release|Any CPU.ActiveCfg = Release|Any CPU
		{13D5CC13-13F6-4AC8-8AF5-AC79D5640234}.Release|Any CPU.Build.0 = Release|Any CPU
		{0F624D33-F326-4275-A361-1DBBC3FE6274}.Debug|Any CPU.ActiveCfg = Debug|Any CPU
		{0F624D33-F326-4275-A361-1DBBC3FE6274}.Debug|Any CPU.Build.0 = Debug|Any CPU
		{0F624D33-F326-4275-A361-1DBBC3FE6274}.Release|Any CPU.ActiveCfg = Release|Any CPU
		{0F624D33-F326-4275-A361-1DBBC3FE6274}.Release|Any CPU.Build.0 = Release|Any CPU
		{855BD547-5B3B-4E66-BA92-427D9DF5B26F}.Debug|Any CPU.ActiveCfg = Debug|Any CPU
		{855BD547-5B3B-4E66-BA92-427D9DF5B26F}.Debug|Any CPU.Build.0 = Debug|Any CPU
		{855BD547-5B3B-4E66-BA92-427D9DF5B26F}.Release|Any CPU.ActiveCfg = Release|Any CPU
		{855BD547-5B3B-4E66-BA92-427D9DF5B26F}.Release|Any CPU.Build.0 = Release|Any CPU
		{B03496DF-AD77-4923-8F20-198334787B89}.Debug|Any CPU.ActiveCfg = Debug|Any CPU
		{B03496DF-AD77-4923-8F20-198334787B89}.Debug|Any CPU.Build.0 = Debug|Any CPU
		{B03496DF-AD77-4923-8F20-198334787B89}.Release|Any CPU.ActiveCfg = Release|Any CPU
		{B03496DF-AD77-4923-8F20-198334787B89}.Release|Any CPU.Build.0 = Release|Any CPU
		{701206B9-FEB9-4F69-BF0C-14E5B835D103}.Debug|Any CPU.ActiveCfg = Debug|Any CPU
		{701206B9-FEB9-4F69-BF0C-14E5B835D103}.Debug|Any CPU.Build.0 = Debug|Any CPU
		{701206B9-FEB9-4F69-BF0C-14E5B835D103}.Debug|Any CPU.Deploy.0 = Debug|Any CPU
		{701206B9-FEB9-4F69-BF0C-14E5B835D103}.Release|Any CPU.ActiveCfg = Release|Any CPU
		{701206B9-FEB9-4F69-BF0C-14E5B835D103}.Release|Any CPU.Build.0 = Release|Any CPU
		{701206B9-FEB9-4F69-BF0C-14E5B835D103}.Release|Any CPU.Deploy.0 = Release|Any CPU
	EndGlobalSection
	GlobalSection(SolutionProperties) = preSolution
		HideSolutionNode = FALSE
	EndGlobalSection
	GlobalSection(ExtensibilityGlobals) = postSolution
		SolutionGuid = {75CCD654-6CA5-459A-A55D-0A95CF86D127}
	EndGlobalSection
EndGlobal
